{
    "name": "statamic-curated-collections",
    "lockfileVersion": 3,
    "requires": true,
    "packages": {
        "": {
            "dependencies": {
                "cropperjs": "^1.5.13",
                "qs": "^6.11.1",
                "vuedraggable": "^2.24.3"
            },
            "devDependencies": {
                "@vitejs/plugin-vue2": "^2.2.0",
                "laravel-vite-plugin": "^0.7.4",
                "prettier": "^2.8.7",
                "prettier-plugin-tailwindcss": "^0.2.6",
                "vite": "^4.2.0"
            }
        },
        "node_modules/@babel/parser": {
            "version": "7.21.4",
            "dev": true,
            "license": "MIT",
            "peer": true,
            "bin": {
                "parser": "bin/babel-parser.js"
            },
            "engines": {
                "node": ">=6.0.0"
            }
        },
        "node_modules/@esbuild/linux-arm64": {
            "version": "0.17.19",
            "cpu": [
                "arm64"
            ],
            "dev": true,
            "license": "MIT",
            "optional": true,
            "os": [
                "linux"
            ],
            "engines": {
                "node": ">=12"
            }
        },
        "node_modules/@jridgewell/gen-mapping": {
            "version": "0.3.3",
            "dev": true,
            "license": "MIT",
            "optional": true,
            "peer": true,
            "dependencies": {
                "@jridgewell/set-array": "^1.0.1",
                "@jridgewell/sourcemap-codec": "^1.4.10",
                "@jridgewell/trace-mapping": "^0.3.9"
            },
            "engines": {
                "node": ">=6.0.0"
            }
        },
        "node_modules/@jridgewell/resolve-uri": {
            "version": "3.1.0",
            "dev": true,
            "license": "MIT",
            "optional": true,
            "peer": true,
            "engines": {
                "node": ">=6.0.0"
            }
        },
        "node_modules/@jridgewell/set-array": {
            "version": "1.1.2",
            "dev": true,
            "license": "MIT",
            "optional": true,
            "peer": true,
            "engines": {
                "node": ">=6.0.0"
            }
        },
        "node_modules/@jridgewell/source-map": {
            "version": "0.3.3",
            "dev": true,
            "license": "MIT",
            "optional": true,
            "peer": true,
            "dependencies": {
                "@jridgewell/gen-mapping": "^0.3.0",
                "@jridgewell/trace-mapping": "^0.3.9"
            }
        },
        "node_modules/@jridgewell/sourcemap-codec": {
            "version": "1.4.15",
            "dev": true,
            "license": "MIT",
            "optional": true,
            "peer": true
        },
        "node_modules/@jridgewell/trace-mapping": {
            "version": "0.3.18",
            "dev": true,
            "license": "MIT",
            "optional": true,
            "peer": true,
            "dependencies": {
                "@jridgewell/resolve-uri": "3.1.0",
                "@jridgewell/sourcemap-codec": "1.4.14"
            }
        },
        "node_modules/@jridgewell/trace-mapping/node_modules/@jridgewell/sourcemap-codec": {
            "version": "1.4.14",
            "dev": true,
            "license": "MIT",
            "optional": true,
            "peer": true
        },
        "node_modules/@types/node": {
            "version": "18.16.0",
            "dev": true,
            "license": "MIT",
            "optional": true,
            "peer": true
        },
        "node_modules/@vitejs/plugin-vue2": {
            "version": "2.2.0",
            "dev": true,
            "license": "MIT",
            "engines": {
                "node": "^14.18.0 || >= 16.0.0"
            },
            "peerDependencies": {
                "vite": "^3.0.0 || ^4.0.0",
                "vue": "^2.7.0-0"
            }
        },
        "node_modules/@vue/compiler-sfc": {
            "version": "2.7.14",
            "dev": true,
            "peer": true,
            "dependencies": {
                "@babel/parser": "^7.18.4",
                "postcss": "^8.4.14",
                "source-map": "^0.6.1"
            }
        },
        "node_modules/acorn": {
            "version": "8.8.2",
            "dev": true,
            "license": "MIT",
            "optional": true,
            "peer": true,
            "bin": {
                "acorn": "bin/acorn"
            },
            "engines": {
                "node": ">=0.4.0"
            }
        },
        "node_modules/buffer-from": {
            "version": "1.1.2",
            "dev": true,
            "license": "MIT",
            "optional": true,
            "peer": true
        },
        "node_modules/call-bind": {
            "version": "1.0.2",
            "resolved": "https://registry.npmjs.org/call-bind/-/call-bind-1.0.2.tgz",
            "integrity": "sha512-7O+FbCihrB5WGbFYesctwmTKae6rOiIzmz1icreWJ+0aA7LJfuqhEso2T9ncpcFtzMQtzXf2QGGueWJGTYsqrA==",
            "dependencies": {
                "function-bind": "^1.1.1",
                "get-intrinsic": "^1.0.2"
            },
            "funding": {
                "url": "https://github.com/sponsors/ljharb"
            }
        },
        "node_modules/cropperjs": {
            "version": "1.5.13",
            "resolved": "https://registry.npmjs.org/cropperjs/-/cropperjs-1.5.13.tgz",
            "integrity": "sha512-by7jKAo73y5/Do0K6sxdTKHgndY0NMjG2bEdgeJxycbcmHuCiMXqw8sxy5C5Y5WTOTcDGmbT7Sr5CgKOXR06OA=="
        },
        "node_modules/csstype": {
            "version": "3.1.2",
            "dev": true,
            "license": "MIT",
            "peer": true
        },
        "node_modules/esbuild": {
            "version": "0.17.19",
            "dev": true,
            "hasInstallScript": true,
            "license": "MIT",
            "bin": {
                "esbuild": "bin/esbuild"
            },
            "engines": {
                "node": ">=12"
            },
            "optionalDependencies": {
                "@esbuild/android-arm": "0.17.19",
                "@esbuild/android-arm64": "0.17.19",
                "@esbuild/android-x64": "0.17.19",
                "@esbuild/darwin-arm64": "0.17.19",
                "@esbuild/darwin-x64": "0.17.19",
                "@esbuild/freebsd-arm64": "0.17.19",
                "@esbuild/freebsd-x64": "0.17.19",
                "@esbuild/linux-arm": "0.17.19",
                "@esbuild/linux-arm64": "0.17.19",
                "@esbuild/linux-ia32": "0.17.19",
                "@esbuild/linux-loong64": "0.17.19",
                "@esbuild/linux-mips64el": "0.17.19",
                "@esbuild/linux-ppc64": "0.17.19",
                "@esbuild/linux-riscv64": "0.17.19",
                "@esbuild/linux-s390x": "0.17.19",
                "@esbuild/linux-x64": "0.17.19",
                "@esbuild/netbsd-x64": "0.17.19",
                "@esbuild/openbsd-x64": "0.17.19",
                "@esbuild/sunos-x64": "0.17.19",
                "@esbuild/win32-arm64": "0.17.19",
                "@esbuild/win32-ia32": "0.17.19",
                "@esbuild/win32-x64": "0.17.19"
            }
        },
        "node_modules/function-bind": {
            "version": "1.1.1",
            "resolved": "https://registry.npmjs.org/function-bind/-/function-bind-1.1.1.tgz",
            "integrity": "sha512-yIovAzMX49sF8Yl58fSCWJ5svSLuaibPxXQJFLmBObTuCr0Mf1KiPopGM9NiFjiYBCbfaa2Fh6breQ6ANVTI0A=="
        },
        "node_modules/get-intrinsic": {
            "version": "1.2.1",
            "resolved": "https://registry.npmjs.org/get-intrinsic/-/get-intrinsic-1.2.1.tgz",
            "integrity": "sha512-2DcsyfABl+gVHEfCOaTrWgyt+tb6MSEGmKq+kI5HwLbIYgjgmMcV8KQ41uaKz1xxUcn9tJtgFbQUEVcEbd0FYw==",
            "dependencies": {
                "function-bind": "^1.1.1",
                "has": "^1.0.3",
                "has-proto": "^1.0.1",
                "has-symbols": "^1.0.3"
            },
            "funding": {
                "url": "https://github.com/sponsors/ljharb"
            }
        },
        "node_modules/has": {
            "version": "1.0.3",
            "resolved": "https://registry.npmjs.org/has/-/has-1.0.3.tgz",
            "integrity": "sha512-f2dvO0VU6Oej7RkWJGrehjbzMAjFp5/VKPp5tTpWIV4JHHZK1/BxbFRtf/siA2SWTe09caDmVtYYzWEIbBS4zw==",
            "dependencies": {
                "function-bind": "^1.1.1"
            },
            "engines": {
                "node": ">= 0.4.0"
            }
        },
        "node_modules/has-proto": {
            "version": "1.0.1",
            "resolved": "https://registry.npmjs.org/has-proto/-/has-proto-1.0.1.tgz",
            "integrity": "sha512-7qE+iP+O+bgF9clE5+UoBFzE65mlBiVj3tKCrlNQ0Ogwm0BjpT/gK4SlLYDMybDh5I3TCTKnPPa0oMG7JDYrhg==",
            "engines": {
                "node": ">= 0.4"
            },
            "funding": {
                "url": "https://github.com/sponsors/ljharb"
            }
        },
        "node_modules/has-symbols": {
            "version": "1.0.3",
            "resolved": "https://registry.npmjs.org/has-symbols/-/has-symbols-1.0.3.tgz",
            "integrity": "sha512-l3LCuF6MgDNwTDKkdYGEihYjt5pRPbEg46rtlmnSPlUbgmB8LOIrKJbYYFBSbnPaJexMKtiPO8hmeRjRz2Td+A==",
            "engines": {
                "node": ">= 0.4"
            },
            "funding": {
                "url": "https://github.com/sponsors/ljharb"
            }
        },
        "node_modules/laravel-vite-plugin": {
            "version": "0.7.6",
            "dev": true,
            "license": "MIT",
            "dependencies": {
                "picocolors": "^1.0.0",
                "vite-plugin-full-reload": "^1.0.5"
            },
            "engines": {
                "node": ">=14"
            },
            "peerDependencies": {
                "vite": "^3.0.0 || ^4.0.0"
            }
        },
        "node_modules/nanoid": {
            "version": "3.3.6",
            "dev": true,
            "funding": [
                {
                    "type": "github",
                    "url": "https://github.com/sponsors/ai"
                }
            ],
            "license": "MIT",
            "bin": {
                "nanoid": "bin/nanoid.cjs"
            },
            "engines": {
                "node": "^10 || ^12 || ^13.7 || ^14 || >=15.0.1"
            }
        },
        "node_modules/object-inspect": {
            "version": "1.12.3",
            "resolved": "https://registry.npmjs.org/object-inspect/-/object-inspect-1.12.3.tgz",
            "integrity": "sha512-geUvdk7c+eizMNUDkRpW1wJwgfOiOeHbxBR/hLXK1aT6zmVSO0jsQcs7fj6MGw89jC/cjGfLcNOrtMYtGqm81g==",
            "funding": {
                "url": "https://github.com/sponsors/ljharb"
            }
        },
        "node_modules/picocolors": {
            "version": "1.0.0",
            "dev": true,
            "license": "ISC"
        },
        "node_modules/picomatch": {
            "version": "2.3.1",
            "dev": true,
            "license": "MIT",
            "engines": {
                "node": ">=8.6"
            },
            "funding": {
                "url": "https://github.com/sponsors/jonschlinkert"
            }
        },
        "node_modules/postcss": {
            "version": "8.4.23",
            "dev": true,
            "funding": [
                {
                    "type": "opencollective",
                    "url": "https://opencollective.com/postcss/"
                },
                {
                    "type": "tidelift",
                    "url": "https://tidelift.com/funding/github/npm/postcss"
                },
                {
                    "type": "github",
                    "url": "https://github.com/sponsors/ai"
                }
            ],
            "license": "MIT",
            "dependencies": {
                "nanoid": "^3.3.6",
                "picocolors": "^1.0.0",
                "source-map-js": "^1.0.2"
            },
            "engines": {
                "node": "^10 || ^12 || >=14"
            }
        },
        "node_modules/prettier": {
            "version": "2.8.8",
            "dev": true,
            "license": "MIT",
            "bin": {
                "prettier": "bin-prettier.js"
            },
            "engines": {
                "node": ">=10.13.0"
            },
            "funding": {
                "url": "https://github.com/prettier/prettier?sponsor=1"
            }
        },
        "node_modules/prettier-plugin-tailwindcss": {
            "version": "0.2.8",
            "resolved": "https://registry.npmjs.org/prettier-plugin-tailwindcss/-/prettier-plugin-tailwindcss-0.2.8.tgz",
            "integrity": "sha512-KgPcEnJeIijlMjsA6WwYgRs5rh3/q76oInqtMXBA/EMcamrcYJpyhtRhyX1ayT9hnHlHTuO8sIifHF10WuSDKg==",
            "dev": true,
            "engines": {
                "node": ">=12.17.0"
            },
            "peerDependencies": {
                "@ianvs/prettier-plugin-sort-imports": "*",
                "@prettier/plugin-pug": "*",
                "@shopify/prettier-plugin-liquid": "*",
                "@shufo/prettier-plugin-blade": "*",
                "@trivago/prettier-plugin-sort-imports": "*",
                "prettier": ">=2.2.0",
                "prettier-plugin-astro": "*",
                "prettier-plugin-css-order": "*",
                "prettier-plugin-import-sort": "*",
                "prettier-plugin-jsdoc": "*",
                "prettier-plugin-organize-attributes": "*",
                "prettier-plugin-organize-imports": "*",
                "prettier-plugin-style-order": "*",
                "prettier-plugin-svelte": "*",
                "prettier-plugin-twig-melody": "*"
            },
            "peerDependenciesMeta": {
                "@ianvs/prettier-plugin-sort-imports": {
                    "optional": true
                },
                "@prettier/plugin-pug": {
                    "optional": true
                },
                "@shopify/prettier-plugin-liquid": {
                    "optional": true
                },
                "@shufo/prettier-plugin-blade": {
                    "optional": true
                },
                "@trivago/prettier-plugin-sort-imports": {
                    "optional": true
                },
                "prettier-plugin-astro": {
                    "optional": true
                },
                "prettier-plugin-css-order": {
                    "optional": true
                },
                "prettier-plugin-import-sort": {
                    "optional": true
                },
                "prettier-plugin-jsdoc": {
                    "optional": true
                },
                "prettier-plugin-organize-attributes": {
                    "optional": true
                },
                "prettier-plugin-organize-imports": {
                    "optional": true
                },
                "prettier-plugin-style-order": {
                    "optional": true
                },
                "prettier-plugin-svelte": {
                    "optional": true
                },
                "prettier-plugin-twig-melody": {
                    "optional": true
                }
            }
        },
        "node_modules/qs": {
            "version": "6.11.1",
            "resolved": "https://registry.npmjs.org/qs/-/qs-6.11.1.tgz",
            "integrity": "sha512-0wsrzgTz/kAVIeuxSjnpGC56rzYtr6JT/2BwEvMaPhFIoYa1aGO8LbzuU1R0uUYQkLpWBTOj0l/CLAJB64J6nQ==",
            "dependencies": {
                "side-channel": "^1.0.4"
            },
            "engines": {
                "node": ">=0.6"
            },
            "funding": {
                "url": "https://github.com/sponsors/ljharb"
            }
        },
        "node_modules/rollup": {
            "version": "3.21.7",
            "dev": true,
            "license": "MIT",
            "bin": {
                "rollup": "dist/bin/rollup"
            },
            "engines": {
                "node": ">=14.18.0",
                "npm": ">=8.0.0"
            },
            "optionalDependencies": {
                "fsevents": "~2.3.2"
            }
        },
        "node_modules/side-channel": {
            "version": "1.0.4",
            "resolved": "https://registry.npmjs.org/side-channel/-/side-channel-1.0.4.tgz",
            "integrity": "sha512-q5XPytqFEIKHkGdiMIrY10mvLRvnQh42/+GoBlFW3b2LXLE2xxJpZFdm94we0BaoV3RwJyGqg5wS7epxTv0Zvw==",
            "dependencies": {
                "call-bind": "^1.0.0",
                "get-intrinsic": "^1.0.2",
                "object-inspect": "^1.9.0"
            },
            "funding": {
                "url": "https://github.com/sponsors/ljharb"
            }
        },
        "node_modules/sortablejs": {
            "version": "1.10.2",
            "resolved": "https://registry.npmjs.org/sortablejs/-/sortablejs-1.10.2.tgz",
            "integrity": "sha512-YkPGufevysvfwn5rfdlGyrGjt7/CRHwvRPogD/lC+TnvcN29jDpCifKP+rBqf+LRldfXSTh+0CGLcSg0VIxq3A=="
        },
        "node_modules/source-map": {
            "version": "0.6.1",
            "dev": true,
            "license": "BSD-3-Clause",
            "peer": true,
            "engines": {
                "node": ">=0.10.0"
            }
        },
        "node_modules/source-map-js": {
            "version": "1.0.2",
            "dev": true,
            "license": "BSD-3-Clause",
            "engines": {
                "node": ">=0.10.0"
            }
        },
        "node_modules/source-map-support": {
            "version": "0.5.21",
            "dev": true,
            "license": "MIT",
            "optional": true,
            "peer": true,
            "dependencies": {
                "buffer-from": "^1.0.0",
                "source-map": "^0.6.0"
            }
        },
        "node_modules/terser": {
            "version": "5.17.1",
            "dev": true,
            "license": "BSD-2-Clause",
            "optional": true,
            "peer": true,
            "dependencies": {
                "@jridgewell/source-map": "^0.3.2",
                "acorn": "^8.5.0",
                "commander": "^2.20.0",
                "source-map-support": "~0.5.20"
            },
            "bin": {
                "terser": "bin/terser"
            },
            "engines": {
                "node": ">=10"
            }
        },
        "node_modules/terser/node_modules/commander": {
            "version": "2.20.3",
            "dev": true,
            "license": "MIT",
            "optional": true,
            "peer": true
        },
        "node_modules/vite": {
            "version": "4.3.5",
            "dev": true,
            "license": "MIT",
            "dependencies": {
                "esbuild": "^0.17.5",
                "postcss": "^8.4.23",
                "rollup": "^3.21.0"
            },
            "bin": {
                "vite": "bin/vite.js"
            },
            "engines": {
                "node": "^14.18.0 || >=16.0.0"
            },
            "optionalDependencies": {
                "fsevents": "~2.3.2"
            },
            "peerDependencies": {
                "@types/node": ">= 14",
                "less": "*",
                "sass": "*",
                "stylus": "*",
                "sugarss": "*",
                "terser": "^5.4.0"
            },
            "peerDependenciesMeta": {
                "@types/node": {
                    "optional": true
                },
                "less": {
                    "optional": true
                },
                "sass": {
                    "optional": true
                },
                "stylus": {
                    "optional": true
                },
                "sugarss": {
                    "optional": true
                },
                "terser": {
                    "optional": true
                }
            }
        },
        "node_modules/vite-plugin-full-reload": {
            "version": "1.0.5",
            "dev": true,
            "license": "MIT",
            "dependencies": {
                "picocolors": "^1.0.0",
                "picomatch": "^2.3.1"
            },
            "peerDependencies": {
                "vite": "^2 || ^3 || ^4"
            }
        },
        "node_modules/vue": {
            "version": "2.7.14",
            "dev": true,
            "license": "MIT",
            "peer": true,
            "dependencies": {
                "@vue/compiler-sfc": "2.7.14",
                "csstype": "^3.1.0"
            }
        },
        "node_modules/vuedraggable": {
            "version": "2.24.3",
            "resolved": "https://registry.npmjs.org/vuedraggable/-/vuedraggable-2.24.3.tgz",
            "integrity": "sha512-6/HDXi92GzB+Hcs9fC6PAAozK1RLt1ewPTLjK0anTYguXLAeySDmcnqE8IC0xa7shvSzRjQXq3/+dsZ7ETGF3g==",
            "dependencies": {
                "sortablejs": "1.10.2"
            }
        }
    }
}
